{
  "name": "relay-lab-v3-pty",
  "lockfileVersion": 3,
  "requires": true,
  "packages": {
    "": {
      "name": "relay-lab-v3-pty",
      "dependencies": {
        "node-pty": "1.1.0",
        "node-pty-beta": "npm:node-pty@1.2.0-beta.15"
      },
      "engines": {
        "node": ">=26"
      }
    },
    "node_modules/node-addon-api": {
      "version": "7.1.1",
      "resolved": "https://registry.npmjs.org/node-addon-api/-/node-addon-api-7.1.1.tgz",
      "integrity": "sha512-5m3bsyrjFWE1xf7nz7YXdN4udnVtXK6/Yfgn5qnahL6bCkf2yKt4k3nuTKAtT4r3IG8JNR2ncsIMdZuAzJjHQQ==",
      "license": "MIT"
    },
    "node_modules/node-pty": {
      "version": "1.1.0",
      "resolved": "https://registry.npmjs.org/node-pty/-/node-pty-1.1.0.tgz",
      "integrity": "sha512-20JqtutY6JPXTUnL0ij1uad7Qe1baT46lyolh2sSENDd4sTzKZ4nmAFkeAARDKwmlLjPx6XKRlwRUxwjOy+lUg==",
      "hasInstallScript": true,
      "license": "MIT",
      "dependencies": {
        "node-addon-api": "^7.1.0"
      }
    },
    "node_modules/node-pty-beta": {
      "name": "node-pty",
      "version": "1.2.0-beta.15",
      "resolved": "https://registry.npmjs.org/node-pty/-/node-pty-1.2.0-beta.15.tgz",
      "integrity": "sha512-vORSzHXi4Ofl7HemVWpuudLqCPdaQb4LfpRCUpE5HPxhp4JYscl8zZwxh11p26v2wvW24WMwnMfLjhRLixrfxA==",
      "hasInstallScript": true,
      "license": "MIT",
      "dependencies": {
        "node-addon-api": "^7.1.0"
      }
    }
  }
}
